
Microsoft Visual Studio Solution File, Format Version 12.00
# Visual Studio Version 16
VisualStudioVersion = 16.0.30204.135
MinimumVisualStudioVersion = 10.0.40219.1
Project("{FAE04EC0-301F-11D3-BF4B-00C04F79EFBC}") = "ExampleAdoNet", "ExampleAdoNet.csproj", "{5F11B43F-7248-4FBA-9C75-B57A982000FF}"
EndProject
Global
	GlobalSection(SolutionConfigurationPlatforms) = preSolution
		Debug|Any CPU = Debug|Any CPU
		Release|Any CPU = Release|Any CPU
	EndGlobalSection
	GlobalSection(ProjectConfigurationPlatforms) = postSolution
		{5F11B43F-7248-4FBA-9C75-B57A982000FF}.Debug|Any CPU.ActiveCfg = Debug|Any CPU
		{5F11B43F-7248-4FBA-9C75-B57A982000FF}.Debug|Any CPU.Build.0 = Debug|Any CPU
		{5F11B43F-7248-4FBA-9C75-B57A982000FF}.Release|Any CPU.ActiveCfg = Release|Any CPU
		{5F11B43F-7248-4FBA-9C75-B57A982000FF}.Release|Any CPU.Build.0 = Release|Any CPU
	EndGlobalSection
	GlobalSection(SolutionProperties) = preSolution
		HideSolutionNode = FALSE
	EndGlobalSection
	GlobalSection(ExtensibilityGlobals) = postSolution
		SolutionGuid = {CBABBFB9-29CE-4DE6-AA21-0B3AB0D6E3A0}
	EndGlobalSection
EndGlobal
